
Microsoft Visual Studio Solution File, Format Version 12.00
# Visual Studio Version 16
VisualStudioVersion = 16.0.30413.136
MinimumVisualStudioVersion = 10.0.40219.1
Project("{FAE04EC0-301F-11D3-BF4B-00C04F79EFBC}") = "Sneks", "Sneks\Sneks.csproj", "{DFBB9D85-B249-49E0-8C41-52C3656B0F7C}"
EndProject
Global
	GlobalSection(SolutionConfigurationPlatforms) = preSolution
		Debug|Any CPU = Debug|Any CPU
		Release|Any CPU = Release|Any CPU
	EndGlobalSection
	GlobalSection(ProjectConfigurationPlatforms) = postSolution
		{DFBB9D85-B249-49E0-8C41-52C3656B0F7C}.Debug|Any CPU.ActiveCfg = Debug|Any CPU
		{DFBB9D85-B249-49E0-8C41-52C3656B0F7C}.Debug|Any CPU.Build.0 = Debug|Any CPU
		{DFBB9D85-B249-49E0-8C41-52C3656B0F7C}.Release|Any CPU.ActiveCfg = Release|Any CPU
		{DFBB9D85-B249-49E0-8C41-52C3656B0F7C}.Release|Any CPU.Build.0 = Release|Any CPU
	EndGlobalSection
	GlobalSection(SolutionProperties) = preSolution
		HideSolutionNode = FALSE
	EndGlobalSection
	GlobalSection(ExtensibilityGlobals) = postSolution
		SolutionGuid = {C108EE98-93AF-4DED-A39F-759A06996FB8}
	EndGlobalSection
EndGlobal
